// !$*UTF8*$!
{
	archiveVersion = 1;
	classes = {
	};
	objectVersion = 46;
	objects = {

/* Begin PBXBuildFile section */
		3CDEEA757806A094659EB15D /* Pods_18phone.framework in Frameworks */ = {isa = PBXBuildFile; fileRef = 047EB72D84437E0BA79D1A70 /* Pods_18phone.framework */; };
		E114D1C41D4F1F15006AB978 /* AppDelegate.swift in Sources */ = {isa = PBXBuildFile; fileRef = E114D1C31D4F1F15006AB978 /* AppDelegate.swift */; };
		E114D1C61D4F1F15006AB978 /* ContactViewController.swift in Sources */ = {isa = PBXBuildFile; fileRef = E114D1C51D4F1F15006AB978 /* ContactViewController.swift */; };
		E114D1CE1D4F1F15006AB978 /* LaunchScreen.storyboard in Resources */ = {isa = PBXBuildFile; fileRef = E114D1CC1D4F1F15006AB978 /* LaunchScreen.storyboard */; };
		E115A0441D6D762C005FCB8F /* LICENSE in Resources */ = {isa = PBXBuildFile; fileRef = E1159FDF1D6D762C005FCB8F /* LICENSE */; };
		E115A0451D6D762C005FCB8F /* README.md in Sources */ = {isa = PBXBuildFile; fileRef = E1159FE01D6D762C005FCB8F /* README.md */; };
		E115A0461D6D762C005FCB8F /* SwiftEventBus.swift in Sources */ = {isa = PBXBuildFile; fileRef = E1159FE21D6D762C005FCB8F /* SwiftEventBus.swift */; };
		E11E92921D5EBBAB004D634A /* DialView.xib in Resources */ = {isa = PBXBuildFile; fileRef = E11E92911D5EBBAB004D634A /* DialView.xib */; };
		E11E92941D5F2C9F004D634A /* DialView1Controller.swift in Sources */ = {isa = PBXBuildFile; fileRef = E11E92931D5F2C9F004D634A /* DialView1Controller.swift */; };
		E12EBA811D531FF3007B5CBD /* CallLogACell.swift in Sources */ = {isa = PBXBuildFile; fileRef = E12EBA801D531FF3007B5CBD /* CallLogACell.swift */; };
		E12EBA841D532447007B5CBD /* piQ.swift in Sources */ = {isa = PBXBuildFile; fileRef = E12EBA831D532447007B5CBD /* piQ.swift */; };
		E138D0771D6301EA0091AF4A /* OutgoingCallViewController.swift in Sources */ = {isa = PBXBuildFile; fileRef = E138D0761D6301EA0091AF4A /* OutgoingCallViewController.swift */; };
		E138D0791D630B7A0091AF4A /* IncomingCallViewController.swift in Sources */ = {isa = PBXBuildFile; fileRef = E138D0781D630B7A0091AF4A /* IncomingCallViewController.swift */; };
		E13BACC21D518F5200414ACE /* AppUtil.swift in Sources */ = {isa = PBXBuildFile; fileRef = E13BACC11D518F5200414ACE /* AppUtil.swift */; };
		E13BACC71D518FDE00414ACE /* Async.swift in Sources */ = {isa = PBXBuildFile; fileRef = E13BACC61D518FDE00414ACE /* Async.swift */; };
		E13BACC91D518FE500414ACE /* JSONJoy.swift in Sources */ = {isa = PBXBuildFile; fileRef = E13BACC81D518FE500414ACE /* JSONJoy.swift */; };
		E13BACCF1D518FF000414ACE /* HTTPSecurity.swift in Sources */ = {isa = PBXBuildFile; fileRef = E13BACCA1D518FF000414ACE /* HTTPSecurity.swift */; };
		E13BACD01D518FF000414ACE /* Operation.swift in Sources */ = {isa = PBXBuildFile; fileRef = E13BACCB1D518FF000414ACE /* Operation.swift */; };
		E13BACD11D518FF000414ACE /* Request.swift in Sources */ = {isa = PBXBuildFile; fileRef = E13BACCC1D518FF000414ACE /* Request.swift */; };
		E13BACD21D518FF000414ACE /* StatusCode.swift in Sources */ = {isa = PBXBuildFile; fileRef = E13BACCD1D518FF000414ACE /* StatusCode.swift */; };
		E13BACD31D518FF000414ACE /* Upload.swift in Sources */ = {isa = PBXBuildFile; fileRef = E13BACCE1D518FF000414ACE /* Upload.swift */; };
		E13BACD51D51907600414ACE /* CallLog.swift in Sources */ = {isa = PBXBuildFile; fileRef = E13BACD41D51907600414ACE /* CallLog.swift */; };
		E13BACDA1D51946B00414ACE /* RootViewController.swift in Sources */ = {isa = PBXBuildFile; fileRef = E13BACD61D51946B00414ACE /* RootViewController.swift */; };
		E13BACDB1D51946B00414ACE /* KTabBarController.swift in Sources */ = {isa = PBXBuildFile; fileRef = E13BACD71D51946B00414ACE /* KTabBarController.swift */; };
		E13BACDC1D51946B00414ACE /* DialViewController.swift in Sources */ = {isa = PBXBuildFile; fileRef = E13BACD81D51946B00414ACE /* DialViewController.swift */; };
		E13BACDD1D51946B00414ACE /* CallLogViewController.swift in Sources */ = {isa = PBXBuildFile; fileRef = E13BACD91D51946B00414ACE /* CallLogViewController.swift */; };
		E13BACDF1D51948C00414ACE /* Main.storyboard in Resources */ = {isa = PBXBuildFile; fileRef = E13BACDE1D51948C00414ACE /* Main.storyboard */; };
		E13BACE21D5196EE00414ACE /* DialNumberCell.swift in Sources */ = {isa = PBXBuildFile; fileRef = E13BACE01D5196EE00414ACE /* DialNumberCell.swift */; };
		E13BACE31D5196EE00414ACE /* DialIconCell.swift in Sources */ = {isa = PBXBuildFile; fileRef = E13BACE11D5196EE00414ACE /* DialIconCell.swift */; };
		E13BACE51D51974900414ACE /* Assets.xcassets in Resources */ = {isa = PBXBuildFile; fileRef = E13BACE41D51974900414ACE /* Assets.xcassets */; };
		E13BACE71D51977C00414ACE /* R.generated.swift in Sources */ = {isa = PBXBuildFile; fileRef = E13BACE61D51977C00414ACE /* R.generated.swift */; };
		E13D21951D6ECFCA00C6EA98 /* IncomingVideoViewController.swift in Sources */ = {isa = PBXBuildFile; fileRef = E13D21941D6ECFCA00C6EA98 /* IncomingVideoViewController.swift */; };
		E148E6C31D6C397000BE131E /* OutgoingVideoViewController.swift in Sources */ = {isa = PBXBuildFile; fileRef = E148E6C21D6C397000BE131E /* OutgoingVideoViewController.swift */; };
		E15C42121D7D094000124257 /* ringtone.wav in Resources */ = {isa = PBXBuildFile; fileRef = E15C42111D7D094000124257 /* ringtone.wav */; };
		E161A6771D78069C00A1F3C4 /* AVFoundation.framework in Frameworks */ = {isa = PBXBuildFile; fileRef = E161A6761D78069C00A1F3C4 /* AVFoundation.framework */; };
		E16453EA1D6AA3150036B53F /* Contact.swift in Sources */ = {isa = PBXBuildFile; fileRef = E16453E91D6AA3150036B53F /* Contact.swift */; };
		E19AAD441D51DF480053D2C3 /* CallConView.xib in Resources */ = {isa = PBXBuildFile; fileRef = E19AAD431D51DF480053D2C3 /* CallConView.xib */; };
		E19AAD461D51DF6A0053D2C3 /* CallConView.swift in Sources */ = {isa = PBXBuildFile; fileRef = E19AAD451D51DF690053D2C3 /* CallConView.swift */; };
		E1C048661D867F650009DF6B /* GSAccount.m in Sources */ = {isa = PBXBuildFile; fileRef = E1C048491D867F650009DF6B /* GSAccount.m */; };
		E1C048671D867F650009DF6B /* GSAccountConfiguration.m in Sources */ = {isa = PBXBuildFile; fileRef = E1C0484C1D867F650009DF6B /* GSAccountConfiguration.m */; };
		E1C048681D867F650009DF6B /* GSCall.m in Sources */ = {isa = PBXBuildFile; fileRef = E1C0484E1D867F650009DF6B /* GSCall.m */; };
		E1C048691D867F650009DF6B /* GSCodecInfo.m in Sources */ = {isa = PBXBuildFile; fileRef = E1C048511D867F650009DF6B /* GSCodecInfo.m */; };
		E1C0486A1D867F650009DF6B /* GSConfiguration.m in Sources */ = {isa = PBXBuildFile; fileRef = E1C048541D867F650009DF6B /* GSConfiguration.m */; };
		E1C0486B1D867F650009DF6B /* GSDispatch.m in Sources */ = {isa = PBXBuildFile; fileRef = E1C048561D867F650009DF6B /* GSDispatch.m */; };
		E1C0486C1D867F650009DF6B /* GSIncomingCall.m in Sources */ = {isa = PBXBuildFile; fileRef = E1C048581D867F650009DF6B /* GSIncomingCall.m */; };
		E1C0486D1D867F650009DF6B /* GSNotifications.m in Sources */ = {isa = PBXBuildFile; fileRef = E1C0485A1D867F650009DF6B /* GSNotifications.m */; };
		E1C0486E1D867F650009DF6B /* GSOutgoingCall.m in Sources */ = {isa = PBXBuildFile; fileRef = E1C0485C1D867F650009DF6B /* GSOutgoingCall.m */; };
		E1C0486F1D867F650009DF6B /* GSPJUtil.m in Sources */ = {isa = PBXBuildFile; fileRef = E1C0485E1D867F650009DF6B /* GSPJUtil.m */; };
		E1C048701D867F650009DF6B /* GSRingback.m in Sources */ = {isa = PBXBuildFile; fileRef = E1C048601D867F650009DF6B /* GSRingback.m */; };
		E1C048711D867F650009DF6B /* GSUserAgent.m in Sources */ = {isa = PBXBuildFile; fileRef = E1C048621D867F650009DF6B /* GSUserAgent.m */; };
		E1C0489A1D8691C50009DF6B /* libg7221codec-arm64-apple-darwin_ios.a in Frameworks */ = {isa = PBXBuildFile; fileRef = E1C048981D8691AE0009DF6B /* libg7221codec-arm64-apple-darwin_ios.a */; };
		E1C048A11D8691C60009DF6B /* libgsmcodec-arm64-apple-darwin_ios.a in Frameworks */ = {isa = PBXBuildFile; fileRef = E1C0489B1D8691C60009DF6B /* libgsmcodec-arm64-apple-darwin_ios.a */; };
		E1C048A21D8691C60009DF6B /* libilbccodec-arm64-apple-darwin_ios.a in Frameworks */ = {isa = PBXBuildFile; fileRef = E1C0489C1D8691C60009DF6B /* libilbccodec-arm64-apple-darwin_ios.a */; };
		E1C048A31D8691C60009DF6B /* libresample-arm64-apple-darwin_ios.a in Frameworks */ = {isa = PBXBuildFile; fileRef = E1C0489D1D8691C60009DF6B /* libresample-arm64-apple-darwin_ios.a */; };
		E1C048A41D8691C60009DF6B /* libspeex-arm64-apple-darwin_ios.a in Frameworks */ = {isa = PBXBuildFile; fileRef = E1C0489E1D8691C60009DF6B /* libspeex-arm64-apple-darwin_ios.a */; };
		E1C048A51D8691C60009DF6B /* libsrtp-arm64-apple-darwin_ios.a in Frameworks */ = {isa = PBXBuildFile; fileRef = E1C0489F1D8691C60009DF6B /* libsrtp-arm64-apple-darwin_ios.a */; };
		E1C048A61D8691C60009DF6B /* libyuv-arm64-apple-darwin_ios.a in Frameworks */ = {isa = PBXBuildFile; fileRef = E1C048A01D8691C60009DF6B /* libyuv-arm64-apple-darwin_ios.a */; };
		E1C048A81D8691DA0009DF6B /* libopenh264.a in Frameworks */ = {isa = PBXBuildFile; fileRef = E1C048A71D8691DA0009DF6B /* libopenh264.a */; };
		E1C048AA1D8691ED0009DF6B /* libpj-arm64-apple-darwin_ios.a in Frameworks */ = {isa = PBXBuildFile; fileRef = E1C048A91D8691ED0009DF6B /* libpj-arm64-apple-darwin_ios.a */; };
		E1C048AC1D8692020009DF6B /* libpjlib-util-arm64-apple-darwin_ios.a in Frameworks */ = {isa = PBXBuildFile; fileRef = E1C048AB1D8692020009DF6B /* libpjlib-util-arm64-apple-darwin_ios.a */; };
		E1C048B21D8692280009DF6B /* libpjmedia-arm64-apple-darwin_ios.a in Frameworks */ = {isa = PBXBuildFile; fileRef = E1C048AD1D8692280009DF6B /* libpjmedia-arm64-apple-darwin_ios.a */; };
		E1C048B31D8692280009DF6B /* libpjmedia-audiodev-arm64-apple-darwin_ios.a in Frameworks */ = {isa = PBXBuildFile; fileRef = E1C048AE1D8692280009DF6B /* libpjmedia-audiodev-arm64-apple-darwin_ios.a */; };
		E1C048B41D8692280009DF6B /* libpjmedia-codec-arm64-apple-darwin_ios.a in Frameworks */ = {isa = PBXBuildFile; fileRef = E1C048AF1D8692280009DF6B /* libpjmedia-codec-arm64-apple-darwin_ios.a */; };
		E1C048B51D8692280009DF6B /* libpjmedia-videodev-arm64-apple-darwin_ios.a in Frameworks */ = {isa = PBXBuildFile; fileRef = E1C048B01D8692280009DF6B /* libpjmedia-videodev-arm64-apple-darwin_ios.a */; };
		E1C048B61D8692280009DF6B /* libpjsdp-arm64-apple-darwin_ios.a in Frameworks */ = {isa = PBXBuildFile; fileRef = E1C048B11D8692280009DF6B /* libpjsdp-arm64-apple-darwin_ios.a */; };
		E1C048B81D86922F0009DF6B /* libpjnath-arm64-apple-darwin_ios.a in Frameworks */ = {isa = PBXBuildFile; fileRef = E1C048B71D86922F0009DF6B /* libpjnath-arm64-apple-darwin_ios.a */; };
		E1C048BE1D86923B0009DF6B /* libpjsip-arm64-apple-darwin_ios.a in Frameworks */ = {isa = PBXBuildFile; fileRef = E1C048B91D86923B0009DF6B /* libpjsip-arm64-apple-darwin_ios.a */; };
		E1C048BF1D86923B0009DF6B /* libpjsip-simple-arm64-apple-darwin_ios.a in Frameworks */ = {isa = PBXBuildFile; fileRef = E1C048BA1D86923B0009DF6B /* libpjsip-simple-arm64-apple-darwin_ios.a */; };
		E1C048C01D86923B0009DF6B /* libpjsip-ua-arm64-apple-darwin_ios.a in Frameworks */ = {isa = PBXBuildFile; fileRef = E1C048BB1D86923B0009DF6B /* libpjsip-ua-arm64-apple-darwin_ios.a */; };
		E1C048C11D86923B0009DF6B /* libpjsua-arm64-apple-darwin_ios.a in Frameworks */ = {isa = PBXBuildFile; fileRef = E1C048BC1D86923B0009DF6B /* libpjsua-arm64-apple-darwin_ios.a */; };
		E1C048C21D86923B0009DF6B /* libpjsua2-arm64-apple-darwin_ios.a in Frameworks */ = {isa = PBXBuildFile; fileRef = E1C048BD1D86923B0009DF6B /* libpjsua2-arm64-apple-darwin_ios.a */; };
		E1C048C41D86933E0009DF6B /* CoreAudio.framework in Frameworks */ = {isa = PBXBuildFile; fileRef = E1C048C31D86933E0009DF6B /* CoreAudio.framework */; };
		E1C048C61D8693E80009DF6B /* AudioToolbox.framework in Frameworks */ = {isa = PBXBuildFile; fileRef = E1C048C51D8693E80009DF6B /* AudioToolbox.framework */; };
		E1C048C81D8694880009DF6B /* OpenGLES.framework in Frameworks */ = {isa = PBXBuildFile; fileRef = E1C048C71D8694880009DF6B /* OpenGLES.framework */; };
		E1C048CA1D8694990009DF6B /* CoreVideo.framework in Frameworks */ = {isa = PBXBuildFile; fileRef = E1C048C91D8694990009DF6B /* CoreVideo.framework */; };
		E1C048CC1D8694AD0009DF6B /* QuartzCore.framework in Frameworks */ = {isa = PBXBuildFile; fileRef = E1C048CB1D8694AD0009DF6B /* QuartzCore.framework */; };
		E1C048CE1D8694BD0009DF6B /* CoreMedia.framework in Frameworks */ = {isa = PBXBuildFile; fileRef = E1C048CD1D8694BD0009DF6B /* CoreMedia.framework */; };
		E1C048D01D8694D30009DF6B /* CoreFoundation.framework in Frameworks */ = {isa = PBXBuildFile; fileRef = E1C048CF1D8694D30009DF6B /* CoreFoundation.framework */; };
		E1C048D21D8697690009DF6B /* CFNetwork.framework in Frameworks */ = {isa = PBXBuildFile; fileRef = E1C048D11D8697690009DF6B /* CFNetwork.framework */; };
		E1C048D41D8697770009DF6B /* libstdc++.tbd in Frameworks */ = {isa = PBXBuildFile; fileRef = E1C048D31D8697770009DF6B /* libstdc++.tbd */; };
		E1DE61831D88F1E900321B47 /* ContactCell.swift in Sources */ = {isa = PBXBuildFile; fileRef = E1DE61821D88F1E900321B47 /* ContactCell.swift */; };
		E1DE61851D894E3F00321B47 /* CoreTelephony.framework in Frameworks */ = {isa = PBXBuildFile; fileRef = E1DE61841D894E3F00321B47 /* CoreTelephony.framework */; };
/* End PBXBuildFile section */

/* Begin PBXCopyFilesBuildPhase section */
		E115A04D1D6D7AAC005FCB8F /* Embed Frameworks */ = {
			isa = PBXCopyFilesBuildPhase;
			buildActionMask = 2147483647;
			dstPath = "";
			dstSubfolderSpec = 10;
			files = (
			);
			name = "Embed Frameworks";
			runOnlyForDeploymentPostprocessing = 0;
		};
/* End PBXCopyFilesBuildPhase section */

/* Begin PBXFileReference section */
		047EB72D84437E0BA79D1A70 /* Pods_18phone.framework */ = {isa = PBXFileReference; explicitFileType = wrapper.framework; includeInIndex = 0; path = Pods_18phone.framework; sourceTree = BUILT_PRODUCTS_DIR; };
		075A21CADC9C03D40A071C6E /* Pods-18phone.release.xcconfig */ = {isa = PBXFileReference; includeInIndex = 1; lastKnownFileType = text.xcconfig; name = "Pods-18phone.release.xcconfig"; path = "Pods/Target Support Files/Pods-18phone/Pods-18phone.release.xcconfig"; sourceTree = "<group>"; };
		A3792B97A14496699EE5544B /* Pods-18phone.debug.xcconfig */ = {isa = PBXFileReference; includeInIndex = 1; lastKnownFileType = text.xcconfig; name = "Pods-18phone.debug.xcconfig"; path = "Pods/Target Support Files/Pods-18phone/Pods-18phone.debug.xcconfig"; sourceTree = "<group>"; };
		E114D1C01D4F1F13006AB978 /* 18phone.app */ = {isa = PBXFileReference; explicitFileType = wrapper.application; includeInIndex = 0; path = 18phone.app; sourceTree = BUILT_PRODUCTS_DIR; };
		E114D1C31D4F1F15006AB978 /* AppDelegate.swift */ = {isa = PBXFileReference; lastKnownFileType = sourcecode.swift; path = AppDelegate.swift; sourceTree = "<group>"; };
		E114D1C51D4F1F15006AB978 /* ContactViewController.swift */ = {isa = PBXFileReference; lastKnownFileType = sourcecode.swift; path = ContactViewController.swift; sourceTree = "<group>"; };
		E114D1CD1D4F1F15006AB978 /* Base */ = {isa = PBXFileReference; lastKnownFileType = file.storyboard; name = Base; path = Base.lproj/LaunchScreen.storyboard; sourceTree = "<group>"; };
		E114D1CF1D4F1F15006AB978 /* Info.plist */ = {isa = PBXFileReference; lastKnownFileType = text.plist.xml; path = Info.plist; sourceTree = "<group>"; };
		E1159FDF1D6D762C005FCB8F /* LICENSE */ = {isa = PBXFileReference; fileEncoding = 4; lastKnownFileType = text; path = LICENSE; sourceTree = "<group>"; };
		E1159FE01D6D762C005FCB8F /* README.md */ = {isa = PBXFileReference; fileEncoding = 4; lastKnownFileType = net.daringfireball.markdown; path = README.md; sourceTree = "<group>"; };
		E1159FE21D6D762C005FCB8F /* SwiftEventBus.swift */ = {isa = PBXFileReference; fileEncoding = 4; lastKnownFileType = sourcecode.swift; path = SwiftEventBus.swift; sourceTree = "<group>"; };
		E11E92911D5EBBAB004D634A /* DialView.xib */ = {isa = PBXFileReference; fileEncoding = 4; lastKnownFileType = file.xib; path = DialView.xib; sourceTree = "<group>"; };
		E11E92931D5F2C9F004D634A /* DialView1Controller.swift */ = {isa = PBXFileReference; fileEncoding = 4; lastKnownFileType = sourcecode.swift; path = DialView1Controller.swift; sourceTree = "<group>"; };
		E12EBA801D531FF3007B5CBD /* CallLogACell.swift */ = {isa = PBXFileReference; fileEncoding = 4; lastKnownFileType = sourcecode.swift; path = CallLogACell.swift; sourceTree = "<group>"; };
		E12EBA831D532447007B5CBD /* piQ.swift */ = {isa = PBXFileReference; fileEncoding = 4; lastKnownFileType = sourcecode.swift; path = piQ.swift; sourceTree = "<group>"; };
		E138D0761D6301EA0091AF4A /* OutgoingCallViewController.swift */ = {isa = PBXFileReference; fileEncoding = 4; lastKnownFileType = sourcecode.swift; path = OutgoingCallViewController.swift; sourceTree = "<group>"; };
		E138D0781D630B7A0091AF4A /* IncomingCallViewController.swift */ = {isa = PBXFileReference; fileEncoding = 4; lastKnownFileType = sourcecode.swift; path = IncomingCallViewController.swift; sourceTree = "<group>"; };
		E13BACC11D518F5200414ACE /* AppUtil.swift */ = {isa = PBXFileReference; fileEncoding = 4; lastKnownFileType = sourcecode.swift; path = AppUtil.swift; sourceTree = "<group>"; };
		E13BACC61D518FDE00414ACE /* Async.swift */ = {isa = PBXFileReference; fileEncoding = 4; lastKnownFileType = sourcecode.swift; path = Async.swift; sourceTree = "<group>"; };
		E13BACC81D518FE500414ACE /* JSONJoy.swift */ = {isa = PBXFileReference; fileEncoding = 4; lastKnownFileType = sourcecode.swift; path = JSONJoy.swift; sourceTree = "<group>"; };
		E13BACCA1D518FF000414ACE /* HTTPSecurity.swift */ = {isa = PBXFileReference; fileEncoding = 4; lastKnownFileType = sourcecode.swift; path = HTTPSecurity.swift; sourceTree = "<group>"; };
		E13BACCB1D518FF000414ACE /* Operation.swift */ = {isa = PBXFileReference; fileEncoding = 4; lastKnownFileType = sourcecode.swift; path = Operation.swift; sourceTree = "<group>"; };
		E13BACCC1D518FF000414ACE /* Request.swift */ = {isa = PBXFileReference; fileEncoding = 4; lastKnownFileType = sourcecode.swift; path = Request.swift; sourceTree = "<group>"; };
		E13BACCD1D518FF000414ACE /* StatusCode.swift */ = {isa = PBXFileReference; fileEncoding = 4; lastKnownFileType = sourcecode.swift; path = StatusCode.swift; sourceTree = "<group>"; };
		E13BACCE1D518FF000414ACE /* Upload.swift */ = {isa = PBXFileReference; fileEncoding = 4; lastKnownFileType = sourcecode.swift; path = Upload.swift; sourceTree = "<group>"; };
		E13BACD41D51907600414ACE /* CallLog.swift */ = {isa = PBXFileReference; fileEncoding = 4; lastKnownFileType = sourcecode.swift; path = CallLog.swift; sourceTree = "<group>"; };
		E13BACD61D51946B00414ACE /* RootViewController.swift */ = {isa = PBXFileReference; fileEncoding = 4; lastKnownFileType = sourcecode.swift; path = RootViewController.swift; sourceTree = "<group>"; };
		E13BACD71D51946B00414ACE /* KTabBarController.swift */ = {isa = PBXFileReference; fileEncoding = 4; lastKnownFileType = sourcecode.swift; path = KTabBarController.swift; sourceTree = "<group>"; };
		E13BACD81D51946B00414ACE /* DialViewController.swift */ = {isa = PBXFileReference; fileEncoding = 4; lastKnownFileType = sourcecode.swift; path = DialViewController.swift; sourceTree = "<group>"; };
		E13BACD91D51946B00414ACE /* CallLogViewController.swift */ = {isa = PBXFileReference; fileEncoding = 4; lastKnownFileType = sourcecode.swift; path = CallLogViewController.swift; sourceTree = "<group>"; };
		E13BACDE1D51948C00414ACE /* Main.storyboard */ = {isa = PBXFileReference; fileEncoding = 4; lastKnownFileType = file.storyboard; path = Main.storyboard; sourceTree = "<group>"; };
		E13BACE01D5196EE00414ACE /* DialNumberCell.swift */ = {isa = PBXFileReference; fileEncoding = 4; lastKnownFileType = sourcecode.swift; path = DialNumberCell.swift; sourceTree = "<group>"; };
		E13BACE11D5196EE00414ACE /* DialIconCell.swift */ = {isa = PBXFileReference; fileEncoding = 4; lastKnownFileType = sourcecode.swift; path = DialIconCell.swift; sourceTree = "<group>"; };
		E13BACE41D51974900414ACE /* Assets.xcassets */ = {isa = PBXFileReference; lastKnownFileType = folder.assetcatalog; path = Assets.xcassets; sourceTree = "<group>"; };
		E13BACE61D51977C00414ACE /* R.generated.swift */ = {isa = PBXFileReference; fileEncoding = 4; lastKnownFileType = sourcecode.swift; path = R.generated.swift; sourceTree = "<group>"; };
		E13D21941D6ECFCA00C6EA98 /* IncomingVideoViewController.swift */ = {isa = PBXFileReference; fileEncoding = 4; lastKnownFileType = sourcecode.swift; path = IncomingVideoViewController.swift; sourceTree = "<group>"; };
		E148E6C21D6C397000BE131E /* OutgoingVideoViewController.swift */ = {isa = PBXFileReference; fileEncoding = 4; lastKnownFileType = sourcecode.swift; path = OutgoingVideoViewController.swift; sourceTree = "<group>"; };
		E1534A0A1D7E668A007FE351 /* AddressBook.framework */ = {isa = PBXFileReference; lastKnownFileType = wrapper.framework; name = AddressBook.framework; path = System/Library/Frameworks/AddressBook.framework; sourceTree = SDKROOT; };
		E1534A0C1D7E6692007FE351 /* AddressBookUI.framework */ = {isa = PBXFileReference; lastKnownFileType = wrapper.framework; name = AddressBookUI.framework; path = System/Library/Frameworks/AddressBookUI.framework; sourceTree = SDKROOT; };
		E15C42111D7D094000124257 /* ringtone.wav */ = {isa = PBXFileReference; lastKnownFileType = audio.wav; path = ringtone.wav; sourceTree = "<group>"; };
		E161A6761D78069C00A1F3C4 /* AVFoundation.framework */ = {isa = PBXFileReference; lastKnownFileType = wrapper.framework; name = AVFoundation.framework; path = System/Library/Frameworks/AVFoundation.framework; sourceTree = SDKROOT; };
		E16453E91D6AA3150036B53F /* Contact.swift */ = {isa = PBXFileReference; fileEncoding = 4; lastKnownFileType = sourcecode.swift; path = Contact.swift; sourceTree = "<group>"; };
		E19AAD431D51DF480053D2C3 /* CallConView.xib */ = {isa = PBXFileReference; fileEncoding = 4; lastKnownFileType = file.xib; path = CallConView.xib; sourceTree = "<group>"; };
		E19AAD451D51DF690053D2C3 /* CallConView.swift */ = {isa = PBXFileReference; fileEncoding = 4; lastKnownFileType = sourcecode.swift; path = CallConView.swift; sourceTree = "<group>"; };
		E1C048471D867F650009DF6B /* Gossip.h */ = {isa = PBXFileReference; fileEncoding = 4; lastKnownFileType = sourcecode.c.h; name = Gossip.h; path = 18phone/Gossip/Gossip.h; sourceTree = SOURCE_ROOT; };
		E1C048481D867F650009DF6B /* GSAccount.h */ = {isa = PBXFileReference; fileEncoding = 4; lastKnownFileType = sourcecode.c.h; name = GSAccount.h; path = 18phone/Gossip/GSAccount.h; sourceTree = SOURCE_ROOT; };
		E1C048491D867F650009DF6B /* GSAccount.m */ = {isa = PBXFileReference; fileEncoding = 4; lastKnownFileType = sourcecode.c.objc; name = GSAccount.m; path = 18phone/Gossip/GSAccount.m; sourceTree = SOURCE_ROOT; };
		E1C0484A1D867F650009DF6B /* GSAccount+Private.h */ = {isa = PBXFileReference; fileEncoding = 4; lastKnownFileType = sourcecode.c.h; name = "GSAccount+Private.h"; path = "18phone/Gossip/GSAccount+Private.h"; sourceTree = SOURCE_ROOT; };
		E1C0484B1D867F650009DF6B /* GSAccountConfiguration.h */ = {isa = PBXFileReference; fileEncoding = 4; lastKnownFileType = sourcecode.c.h; name = GSAccountConfiguration.h; path = 18phone/Gossip/GSAccountConfiguration.h; sourceTree = SOURCE_ROOT; };
		E1C0484C1D867F650009DF6B /* GSAccountConfiguration.m */ = {isa = PBXFileReference; fileEncoding = 4; lastKnownFileType = sourcecode.c.objc; name = GSAccountConfiguration.m; path = 18phone/Gossip/GSAccountConfiguration.m; sourceTree = SOURCE_ROOT; };
		E1C0484D1D867F650009DF6B /* GSCall.h */ = {isa = PBXFileReference; fileEncoding = 4; lastKnownFileType = sourcecode.c.h; name = GSCall.h; path = 18phone/Gossip/GSCall.h; sourceTree = SOURCE_ROOT; };
		E1C0484E1D867F650009DF6B /* GSCall.m */ = {isa = PBXFileReference; fileEncoding = 4; lastKnownFileType = sourcecode.c.objc; name = GSCall.m; path = 18phone/Gossip/GSCall.m; sourceTree = SOURCE_ROOT; };
		E1C0484F1D867F650009DF6B /* GSCall+Private.h */ = {isa = PBXFileReference; fileEncoding = 4; lastKnownFileType = sourcecode.c.h; name = "GSCall+Private.h"; path = "18phone/Gossip/GSCall+Private.h"; sourceTree = SOURCE_ROOT; };
		E1C048501D867F650009DF6B /* GSCodecInfo.h */ = {isa = PBXFileReference; fileEncoding = 4; lastKnownFileType = sourcecode.c.h; name = GSCodecInfo.h; path = 18phone/Gossip/GSCodecInfo.h; sourceTree = SOURCE_ROOT; };
		E1C048511D867F650009DF6B /* GSCodecInfo.m */ = {isa = PBXFileReference; fileEncoding = 4; lastKnownFileType = sourcecode.c.objc; name = GSCodecInfo.m; path = 18phone/Gossip/GSCodecInfo.m; sourceTree = SOURCE_ROOT; };
		E1C048521D867F650009DF6B /* GSCodecInfo+Private.h */ = {isa = PBXFileReference; fileEncoding = 4; lastKnownFileType = sourcecode.c.h; name = "GSCodecInfo+Private.h"; path = "18phone/Gossip/GSCodecInfo+Private.h"; sourceTree = SOURCE_ROOT; };
		E1C048531D867F650009DF6B /* GSConfiguration.h */ = {isa = PBXFileReference; fileEncoding = 4; lastKnownFileType = sourcecode.c.h; name = GSConfiguration.h; path = 18phone/Gossip/GSConfiguration.h; sourceTree = SOURCE_ROOT; };
		E1C048541D867F650009DF6B /* GSConfiguration.m */ = {isa = PBXFileReference; fileEncoding = 4; lastKnownFileType = sourcecode.c.objc; name = GSConfiguration.m; path = 18phone/Gossip/GSConfiguration.m; sourceTree = SOURCE_ROOT; };
		E1C048551D867F650009DF6B /* GSDispatch.h */ = {isa = PBXFileReference; fileEncoding = 4; lastKnownFileType = sourcecode.c.h; name = GSDispatch.h; path = 18phone/Gossip/GSDispatch.h; sourceTree = SOURCE_ROOT; };
		E1C048561D867F650009DF6B /* GSDispatch.m */ = {isa = PBXFileReference; fileEncoding = 4; lastKnownFileType = sourcecode.c.objc; name = GSDispatch.m; path = 18phone/Gossip/GSDispatch.m; sourceTree = SOURCE_ROOT; };
		E1C048571D867F650009DF6B /* GSIncomingCall.h */ = {isa = PBXFileReference; fileEncoding = 4; lastKnownFileType = sourcecode.c.h; name = GSIncomingCall.h; path = 18phone/Gossip/GSIncomingCall.h; sourceTree = SOURCE_ROOT; };
		E1C048581D867F650009DF6B /* GSIncomingCall.m */ = {isa = PBXFileReference; fileEncoding = 4; lastKnownFileType = sourcecode.c.objc; name = GSIncomingCall.m; path = 18phone/Gossip/GSIncomingCall.m; sourceTree = SOURCE_ROOT; };
		E1C048591D867F650009DF6B /* GSNotifications.h */ = {isa = PBXFileReference; fileEncoding = 4; lastKnownFileType = sourcecode.c.h; name = GSNotifications.h; path = 18phone/Gossip/GSNotifications.h; sourceTree = SOURCE_ROOT; };
		E1C0485A1D867F650009DF6B /* GSNotifications.m */ = {isa = PBXFileReference; fileEncoding = 4; lastKnownFileType = sourcecode.c.objc; name = GSNotifications.m; path = 18phone/Gossip/GSNotifications.m; sourceTree = SOURCE_ROOT; };
		E1C0485B1D867F650009DF6B /* GSOutgoingCall.h */ = {isa = PBXFileReference; fileEncoding = 4; lastKnownFileType = sourcecode.c.h; name = GSOutgoingCall.h; path = 18phone/Gossip/GSOutgoingCall.h; sourceTree = SOURCE_ROOT; };
		E1C0485C1D867F650009DF6B /* GSOutgoingCall.m */ = {isa = PBXFileReference; fileEncoding = 4; lastKnownFileType = sourcecode.c.objc; name = GSOutgoingCall.m; path = 18phone/Gossip/GSOutgoingCall.m; sourceTree = SOURCE_ROOT; };
		E1C0485D1D867F650009DF6B /* GSPJUtil.h */ = {isa = PBXFileReference; fileEncoding = 4; lastKnownFileType = sourcecode.c.h; name = GSPJUtil.h; path = 18phone/Gossip/GSPJUtil.h; sourceTree = SOURCE_ROOT; };
		E1C0485E1D867F650009DF6B /* GSPJUtil.m */ = {isa = PBXFileReference; fileEncoding = 4; lastKnownFileType = sourcecode.c.objc; name = GSPJUtil.m; path = 18phone/Gossip/GSPJUtil.m; sourceTree = SOURCE_ROOT; };
		E1C0485F1D867F650009DF6B /* GSRingback.h */ = {isa = PBXFileReference; fileEncoding = 4; lastKnownFileType = sourcecode.c.h; name = GSRingback.h; path = 18phone/Gossip/GSRingback.h; sourceTree = SOURCE_ROOT; };
		E1C048601D867F650009DF6B /* GSRingback.m */ = {isa = PBXFileReference; fileEncoding = 4; lastKnownFileType = sourcecode.c.objc; name = GSRingback.m; path = 18phone/Gossip/GSRingback.m; sourceTree = SOURCE_ROOT; };
		E1C048611D867F650009DF6B /* GSUserAgent.h */ = {isa = PBXFileReference; fileEncoding = 4; lastKnownFileType = sourcecode.c.h; name = GSUserAgent.h; path = 18phone/Gossip/GSUserAgent.h; sourceTree = SOURCE_ROOT; };
		E1C048621D867F650009DF6B /* GSUserAgent.m */ = {isa = PBXFileReference; fileEncoding = 4; lastKnownFileType = sourcecode.c.objc; name = GSUserAgent.m; path = 18phone/Gossip/GSUserAgent.m; sourceTree = SOURCE_ROOT; };
		E1C048631D867F650009DF6B /* GSUserAgent+Private.h */ = {isa = PBXFileReference; fileEncoding = 4; lastKnownFileType = sourcecode.c.h; name = "GSUserAgent+Private.h"; path = "18phone/Gossip/GSUserAgent+Private.h"; sourceTree = SOURCE_ROOT; };
		E1C048641D867F650009DF6B /* PJSIP.h */ = {isa = PBXFileReference; fileEncoding = 4; lastKnownFileType = sourcecode.c.h; name = PJSIP.h; path = 18phone/Gossip/PJSIP.h; sourceTree = SOURCE_ROOT; };
		E1C048651D867F650009DF6B /* Util.h */ = {isa = PBXFileReference; fileEncoding = 4; lastKnownFileType = sourcecode.c.h; name = Util.h; path = 18phone/Gossip/Util.h; sourceTree = SOURCE_ROOT; };
		E1C048981D8691AE0009DF6B /* libg7221codec-arm64-apple-darwin_ios.a */ = {isa = PBXFileReference; lastKnownFileType = archive.ar; name = "libg7221codec-arm64-apple-darwin_ios.a"; path = "pjproject-2.5.5/third_party/lib/libg7221codec-arm64-apple-darwin_ios.a"; sourceTree = "<group>"; };
		E1C0489B1D8691C60009DF6B /* libgsmcodec-arm64-apple-darwin_ios.a */ = {isa = PBXFileReference; lastKnownFileType = archive.ar; name = "libgsmcodec-arm64-apple-darwin_ios.a"; path = "pjproject-2.5.5/third_party/lib/libgsmcodec-arm64-apple-darwin_ios.a"; sourceTree = "<group>"; };
		E1C0489C1D8691C60009DF6B /* libilbccodec-arm64-apple-darwin_ios.a */ = {isa = PBXFileReference; lastKnownFileType = archive.ar; name = "libilbccodec-arm64-apple-darwin_ios.a"; path = "pjproject-2.5.5/third_party/lib/libilbccodec-arm64-apple-darwin_ios.a"; sourceTree = "<group>"; };
		E1C0489D1D8691C60009DF6B /* libresample-arm64-apple-darwin_ios.a */ = {isa = PBXFileReference; lastKnownFileType = archive.ar; name = "libresample-arm64-apple-darwin_ios.a"; path = "pjproject-2.5.5/third_party/lib/libresample-arm64-apple-darwin_ios.a"; sourceTree = "<group>"; };
		E1C0489E1D8691C60009DF6B /* libspeex-arm64-apple-darwin_ios.a */ = {isa = PBXFileReference; lastKnownFileType = archive.ar; name = "libspeex-arm64-apple-darwin_ios.a"; path = "pjproject-2.5.5/third_party/lib/libspeex-arm64-apple-darwin_ios.a"; sourceTree = "<group>"; };
		E1C0489F1D8691C60009DF6B /* libsrtp-arm64-apple-darwin_ios.a */ = {isa = PBXFileReference; lastKnownFileType = archive.ar; name = "libsrtp-arm64-apple-darwin_ios.a"; path = "pjproject-2.5.5/third_party/lib/libsrtp-arm64-apple-darwin_ios.a"; sourceTree = "<group>"; };
		E1C048A01D8691C60009DF6B /* libyuv-arm64-apple-darwin_ios.a */ = {isa = PBXFileReference; lastKnownFileType = archive.ar; name = "libyuv-arm64-apple-darwin_ios.a"; path = "pjproject-2.5.5/third_party/lib/libyuv-arm64-apple-darwin_ios.a"; sourceTree = "<group>"; };
		E1C048A71D8691DA0009DF6B /* libopenh264.a */ = {isa = PBXFileReference; lastKnownFileType = archive.ar; name = libopenh264.a; path = "pjproject-2.5.5/third_party/openh264/lib/libopenh264.a"; sourceTree = "<group>"; };
		E1C048A91D8691ED0009DF6B /* libpj-arm64-apple-darwin_ios.a */ = {isa = PBXFileReference; lastKnownFileType = archive.ar; name = "libpj-arm64-apple-darwin_ios.a"; path = "pjproject-2.5.5/pjlib/lib/libpj-arm64-apple-darwin_ios.a"; sourceTree = "<group>"; };
		E1C048AB1D8692020009DF6B /* libpjlib-util-arm64-apple-darwin_ios.a */ = {isa = PBXFileReference; lastKnownFileType = archive.ar; name = "libpjlib-util-arm64-apple-darwin_ios.a"; path = "pjproject-2.5.5/pjlib-util/lib/libpjlib-util-arm64-apple-darwin_ios.a"; sourceTree = "<group>"; };
		E1C048AD1D8692280009DF6B /* libpjmedia-arm64-apple-darwin_ios.a */ = {isa = PBXFileReference; lastKnownFileType = archive.ar; name = "libpjmedia-arm64-apple-darwin_ios.a"; path = "pjproject-2.5.5/pjmedia/lib/libpjmedia-arm64-apple-darwin_ios.a"; sourceTree = "<group>"; };
		E1C048AE1D8692280009DF6B /* libpjmedia-audiodev-arm64-apple-darwin_ios.a */ = {isa = PBXFileReference; lastKnownFileType = archive.ar; name = "libpjmedia-audiodev-arm64-apple-darwin_ios.a"; path = "pjproject-2.5.5/pjmedia/lib/libpjmedia-audiodev-arm64-apple-darwin_ios.a"; sourceTree = "<group>"; };
		E1C048AF1D8692280009DF6B /* libpjmedia-codec-arm64-apple-darwin_ios.a */ = {isa = PBXFileReference; lastKnownFileType = archive.ar; name = "libpjmedia-codec-arm64-apple-darwin_ios.a"; path = "pjproject-2.5.5/pjmedia/lib/libpjmedia-codec-arm64-apple-darwin_ios.a"; sourceTree = "<group>"; };
		E1C048B01D8692280009DF6B /* libpjmedia-videodev-arm64-apple-darwin_ios.a */ = {isa = PBXFileReference; lastKnownFileType = archive.ar; name = "libpjmedia-videodev-arm64-apple-darwin_ios.a"; path = "pjproject-2.5.5/pjmedia/lib/libpjmedia-videodev-arm64-apple-darwin_ios.a"; sourceTree = "<group>"; };
		E1C048B11D8692280009DF6B /* libpjsdp-arm64-apple-darwin_ios.a */ = {isa = PBXFileReference; lastKnownFileType = archive.ar; name = "libpjsdp-arm64-apple-darwin_ios.a"; path = "pjproject-2.5.5/pjmedia/lib/libpjsdp-arm64-apple-darwin_ios.a"; sourceTree = "<group>"; };
		E1C048B71D86922F0009DF6B /* libpjnath-arm64-apple-darwin_ios.a */ = {isa = PBXFileReference; lastKnownFileType = archive.ar; name = "libpjnath-arm64-apple-darwin_ios.a"; path = "pjproject-2.5.5/pjnath/lib/libpjnath-arm64-apple-darwin_ios.a"; sourceTree = "<group>"; };
		E1C048B91D86923B0009DF6B /* libpjsip-arm64-apple-darwin_ios.a */ = {isa = PBXFileReference; lastKnownFileType = archive.ar; name = "libpjsip-arm64-apple-darwin_ios.a"; path = "pjproject-2.5.5/pjsip/lib/libpjsip-arm64-apple-darwin_ios.a"; sourceTree = "<group>"; };
		E1C048BA1D86923B0009DF6B /* libpjsip-simple-arm64-apple-darwin_ios.a */ = {isa = PBXFileReference; lastKnownFileType = archive.ar; name = "libpjsip-simple-arm64-apple-darwin_ios.a"; path = "pjproject-2.5.5/pjsip/lib/libpjsip-simple-arm64-apple-darwin_ios.a"; sourceTree = "<group>"; };
		E1C048BB1D86923B0009DF6B /* libpjsip-ua-arm64-apple-darwin_ios.a */ = {isa = PBXFileReference; lastKnownFileType = archive.ar; name = "libpjsip-ua-arm64-apple-darwin_ios.a"; path = "pjproject-2.5.5/pjsip/lib/libpjsip-ua-arm64-apple-darwin_ios.a"; sourceTree = "<group>"; };
		E1C048BC1D86923B0009DF6B /* libpjsua-arm64-apple-darwin_ios.a */ = {isa = PBXFileReference; lastKnownFileType = archive.ar; name = "libpjsua-arm64-apple-darwin_ios.a"; path = "pjproject-2.5.5/pjsip/lib/libpjsua-arm64-apple-darwin_ios.a"; sourceTree = "<group>"; };
		E1C048BD1D86923B0009DF6B /* libpjsua2-arm64-apple-darwin_ios.a */ = {isa = PBXFileReference; lastKnownFileType = archive.ar; name = "libpjsua2-arm64-apple-darwin_ios.a"; path = "pjproject-2.5.5/pjsip/lib/libpjsua2-arm64-apple-darwin_ios.a"; sourceTree = "<group>"; };
		E1C048C31D86933E0009DF6B /* CoreAudio.framework */ = {isa = PBXFileReference; lastKnownFileType = wrapper.framework; name = CoreAudio.framework; path = System/Library/Frameworks/CoreAudio.framework; sourceTree = SDKROOT; };
		E1C048C51D8693E80009DF6B /* AudioToolbox.framework */ = {isa = PBXFileReference; lastKnownFileType = wrapper.framework; name = AudioToolbox.framework; path = System/Library/Frameworks/AudioToolbox.framework; sourceTree = SDKROOT; };
		E1C048C71D8694880009DF6B /* OpenGLES.framework */ = {isa = PBXFileReference; lastKnownFileType = wrapper.framework; name = OpenGLES.framework; path = System/Library/Frameworks/OpenGLES.framework; sourceTree = SDKROOT; };
		E1C048C91D8694990009DF6B /* CoreVideo.framework */ = {isa = PBXFileReference; lastKnownFileType = wrapper.framework; name = CoreVideo.framework; path = System/Library/Frameworks/CoreVideo.framework; sourceTree = SDKROOT; };
		E1C048CB1D8694AD0009DF6B /* QuartzCore.framework */ = {isa = PBXFileReference; lastKnownFileType = wrapper.framework; name = QuartzCore.framework; path = System/Library/Frameworks/QuartzCore.framework; sourceTree = SDKROOT; };
		E1C048CD1D8694BD0009DF6B /* CoreMedia.framework */ = {isa = PBXFileReference; lastKnownFileType = wrapper.framework; name = CoreMedia.framework; path = System/Library/Frameworks/CoreMedia.framework; sourceTree = SDKROOT; };
		E1C048CF1D8694D30009DF6B /* CoreFoundation.framework */ = {isa = PBXFileReference; lastKnownFileType = wrapper.framework; name = CoreFoundation.framework; path = System/Library/Frameworks/CoreFoundation.framework; sourceTree = SDKROOT; };
		E1C048D11D8697690009DF6B /* CFNetwork.framework */ = {isa = PBXFileReference; lastKnownFileType = wrapper.framework; name = CFNetwork.framework; path = System/Library/Frameworks/CFNetwork.framework; sourceTree = SDKROOT; };
		E1C048D31D8697770009DF6B /* libstdc++.tbd */ = {isa = PBXFileReference; lastKnownFileType = "sourcecode.text-based-dylib-definition"; name = "libstdc++.tbd"; path = "usr/lib/libstdc++.tbd"; sourceTree = SDKROOT; };
		E1DE61821D88F1E900321B47 /* ContactCell.swift */ = {isa = PBXFileReference; fileEncoding = 4; lastKnownFileType = sourcecode.swift; path = ContactCell.swift; sourceTree = "<group>"; };
		E1DE61841D894E3F00321B47 /* CoreTelephony.framework */ = {isa = PBXFileReference; lastKnownFileType = wrapper.framework; name = CoreTelephony.framework; path = System/Library/Frameworks/CoreTelephony.framework; sourceTree = SDKROOT; };
		E1F5E57C1D59E5990010FF2C /* 18phone-Bridging-Header.h */ = {isa = PBXFileReference; lastKnownFileType = sourcecode.c.h; path = "18phone-Bridging-Header.h"; sourceTree = "<group>"; };
/* End PBXFileReference section */

/* Begin PBXFrameworksBuildPhase section */
		E114D1BD1D4F1F13006AB978 /* Frameworks */ = {
			isa = PBXFrameworksBuildPhase;
			buildActionMask = 2147483647;
			files = (
				E1C048D41D8697770009DF6B /* libstdc++.tbd in Frameworks */,
				E1C048BE1D86923B0009DF6B /* libpjsip-arm64-apple-darwin_ios.a in Frameworks */,
				E1C048BF1D86923B0009DF6B /* libpjsip-simple-arm64-apple-darwin_ios.a in Frameworks */,
				E1C048C01D86923B0009DF6B /* libpjsip-ua-arm64-apple-darwin_ios.a in Frameworks */,
				E1C048C11D86923B0009DF6B /* libpjsua-arm64-apple-darwin_ios.a in Frameworks */,
				E1C048C21D86923B0009DF6B /* libpjsua2-arm64-apple-darwin_ios.a in Frameworks */,
				E1C048B81D86922F0009DF6B /* libpjnath-arm64-apple-darwin_ios.a in Frameworks */,
				E1C048B21D8692280009DF6B /* libpjmedia-arm64-apple-darwin_ios.a in Frameworks */,
				E1C048B31D8692280009DF6B /* libpjmedia-audiodev-arm64-apple-darwin_ios.a in Frameworks */,
				E1C048B41D8692280009DF6B /* libpjmedia-codec-arm64-apple-darwin_ios.a in Frameworks */,
				E1C048B51D8692280009DF6B /* libpjmedia-videodev-arm64-apple-darwin_ios.a in Frameworks */,
				E1C048B61D8692280009DF6B /* libpjsdp-arm64-apple-darwin_ios.a in Frameworks */,
				E1C048AC1D8692020009DF6B /* libpjlib-util-arm64-apple-darwin_ios.a in Frameworks */,
				E1C048AA1D8691ED0009DF6B /* libpj-arm64-apple-darwin_ios.a in Frameworks */,
				E1C048A11D8691C60009DF6B /* libgsmcodec-arm64-apple-darwin_ios.a in Frameworks */,
				E1C048A21D8691C60009DF6B /* libilbccodec-arm64-apple-darwin_ios.a in Frameworks */,
				E1C048A31D8691C60009DF6B /* libresample-arm64-apple-darwin_ios.a in Frameworks */,
				E1C048A41D8691C60009DF6B /* libspeex-arm64-apple-darwin_ios.a in Frameworks */,
				E1C048A51D8691C60009DF6B /* libsrtp-arm64-apple-darwin_ios.a in Frameworks */,
				E1C048A61D8691C60009DF6B /* libyuv-arm64-apple-darwin_ios.a in Frameworks */,
				E1C0489A1D8691C50009DF6B /* libg7221codec-arm64-apple-darwin_ios.a in Frameworks */,
				E1C048A81D8691DA0009DF6B /* libopenh264.a in Frameworks */,
				E1DE61851D894E3F00321B47 /* CoreTelephony.framework in Frameworks */,
				E1C048D21D8697690009DF6B /* CFNetwork.framework in Frameworks */,
				E1C048D01D8694D30009DF6B /* CoreFoundation.framework in Frameworks */,
				E1C048CE1D8694BD0009DF6B /* CoreMedia.framework in Frameworks */,
				E1C048CC1D8694AD0009DF6B /* QuartzCore.framework in Frameworks */,
				E1C048CA1D8694990009DF6B /* CoreVideo.framework in Frameworks */,
				E1C048C81D8694880009DF6B /* OpenGLES.framework in Frameworks */,
				E1C048C61D8693E80009DF6B /* AudioToolbox.framework in Frameworks */,
				E161A6771D78069C00A1F3C4 /* AVFoundation.framework in Frameworks */,
				E1C048C41D86933E0009DF6B /* CoreAudio.framework in Frameworks */,
				3CDEEA757806A094659EB15D /* Pods_18phone.framework in Frameworks */,
			);
			runOnlyForDeploymentPostprocessing = 0;
		};
/* End PBXFrameworksBuildPhase section */

/* Begin PBXGroup section */
		A13A5015FDD7155192CC0662 /* Frameworks */ = {
			isa = PBXGroup;
			children = (
				E1DE61841D894E3F00321B47 /* CoreTelephony.framework */,
				E1C048D31D8697770009DF6B /* libstdc++.tbd */,
				E1C048D11D8697690009DF6B /* CFNetwork.framework */,
				E1C048CF1D8694D30009DF6B /* CoreFoundation.framework */,
				E1C048CD1D8694BD0009DF6B /* CoreMedia.framework */,
				E1C048CB1D8694AD0009DF6B /* QuartzCore.framework */,
				E1C048C91D8694990009DF6B /* CoreVideo.framework */,
				E1C048C71D8694880009DF6B /* OpenGLES.framework */,
				E1C048C51D8693E80009DF6B /* AudioToolbox.framework */,
				E1C048C31D86933E0009DF6B /* CoreAudio.framework */,
				E1C048B91D86923B0009DF6B /* libpjsip-arm64-apple-darwin_ios.a */,
				E1C048BA1D86923B0009DF6B /* libpjsip-simple-arm64-apple-darwin_ios.a */,
				E1C048BB1D86923B0009DF6B /* libpjsip-ua-arm64-apple-darwin_ios.a */,
				E1C048BC1D86923B0009DF6B /* libpjsua-arm64-apple-darwin_ios.a */,
				E1C048BD1D86923B0009DF6B /* libpjsua2-arm64-apple-darwin_ios.a */,
				E1C048B71D86922F0009DF6B /* libpjnath-arm64-apple-darwin_ios.a */,
				E1C048AD1D8692280009DF6B /* libpjmedia-arm64-apple-darwin_ios.a */,
				E1C048AE1D8692280009DF6B /* libpjmedia-audiodev-arm64-apple-darwin_ios.a */,
				E1C048AF1D8692280009DF6B /* libpjmedia-codec-arm64-apple-darwin_ios.a */,
				E1C048B01D8692280009DF6B /* libpjmedia-videodev-arm64-apple-darwin_ios.a */,
				E1C048B11D8692280009DF6B /* libpjsdp-arm64-apple-darwin_ios.a */,
				E1C048AB1D8692020009DF6B /* libpjlib-util-arm64-apple-darwin_ios.a */,
				E1C048A91D8691ED0009DF6B /* libpj-arm64-apple-darwin_ios.a */,
				E1C048A71D8691DA0009DF6B /* libopenh264.a */,
				E1C0489B1D8691C60009DF6B /* libgsmcodec-arm64-apple-darwin_ios.a */,
				E1C0489C1D8691C60009DF6B /* libilbccodec-arm64-apple-darwin_ios.a */,
				E1C0489D1D8691C60009DF6B /* libresample-arm64-apple-darwin_ios.a */,
				E1C0489E1D8691C60009DF6B /* libspeex-arm64-apple-darwin_ios.a */,
				E1C0489F1D8691C60009DF6B /* libsrtp-arm64-apple-darwin_ios.a */,
				E1C048A01D8691C60009DF6B /* libyuv-arm64-apple-darwin_ios.a */,
				E1C048981D8691AE0009DF6B /* libg7221codec-arm64-apple-darwin_ios.a */,
				E1534A0C1D7E6692007FE351 /* AddressBookUI.framework */,
				E1534A0A1D7E668A007FE351 /* AddressBook.framework */,
				E161A6761D78069C00A1F3C4 /* AVFoundation.framework */,
				047EB72D84437E0BA79D1A70 /* Pods_18phone.framework */,
			);
			name = Frameworks;
			sourceTree = "<group>";
		};
		A9625D3E2C7EEE8EF6AD1B37 /* Pods */ = {
			isa = PBXGroup;
			children = (
				A3792B97A14496699EE5544B /* Pods-18phone.debug.xcconfig */,
				075A21CADC9C03D40A071C6E /* Pods-18phone.release.xcconfig */,
			);
			name = Pods;
			sourceTree = "<group>";
		};
		E10953DF1D7FBC00001E7060 /* Configuration */ = {
			isa = PBXGroup;
			children = (
				E1C0484B1D867F650009DF6B /* GSAccountConfiguration.h */,
				E1C0484C1D867F650009DF6B /* GSAccountConfiguration.m */,
				E1C048531D867F650009DF6B /* GSConfiguration.h */,
				E1C048541D867F650009DF6B /* GSConfiguration.m */,
			);
			name = Configuration;
			sourceTree = "<group>";
		};
		E10953E61D7FBC00001E7060 /* Util */ = {
			isa = PBXGroup;
			children = (
				E1C0485D1D867F650009DF6B /* GSPJUtil.h */,
				E1C0485E1D867F650009DF6B /* GSPJUtil.m */,
				E1C048641D867F650009DF6B /* PJSIP.h */,
				E1C048651D867F650009DF6B /* Util.h */,
			);
			name = Util;
			sourceTree = "<group>";
		};
		E10953E71D7FBC00001E7060 /* Gossip */ = {
			isa = PBXGroup;
			children = (
				E1C048471D867F650009DF6B /* Gossip.h */,
				E1C048481D867F650009DF6B /* GSAccount.h */,
				E1C048491D867F650009DF6B /* GSAccount.m */,
				E1C0484A1D867F650009DF6B /* GSAccount+Private.h */,
				E1C0484D1D867F650009DF6B /* GSCall.h */,
				E1C0484E1D867F650009DF6B /* GSCall.m */,
				E1C0484F1D867F650009DF6B /* GSCall+Private.h */,
				E1C048501D867F650009DF6B /* GSCodecInfo.h */,
				E1C048511D867F650009DF6B /* GSCodecInfo.m */,
				E1C048521D867F650009DF6B /* GSCodecInfo+Private.h */,
				E1C048551D867F650009DF6B /* GSDispatch.h */,
				E1C048561D867F650009DF6B /* GSDispatch.m */,
				E1C048571D867F650009DF6B /* GSIncomingCall.h */,
				E1C048581D867F650009DF6B /* GSIncomingCall.m */,
				E1C048591D867F650009DF6B /* GSNotifications.h */,
				E1C0485A1D867F650009DF6B /* GSNotifications.m */,
				E1C0485B1D867F650009DF6B /* GSOutgoingCall.h */,
				E1C0485C1D867F650009DF6B /* GSOutgoingCall.m */,
				E1C0485F1D867F650009DF6B /* GSRingback.h */,
				E1C048601D867F650009DF6B /* GSRingback.m */,
				E1C048611D867F650009DF6B /* GSUserAgent.h */,
				E1C048621D867F650009DF6B /* GSUserAgent.m */,
				E1C048631D867F650009DF6B /* GSUserAgent+Private.h */,
				E10953DF1D7FBC00001E7060 /* Configuration */,
				E10953E61D7FBC00001E7060 /* Util */,
			);
			name = Gossip;
			path = ../gossip/Gossip;
			sourceTree = "<group>";
		};
		E114D1B71D4F1F13006AB978 = {
			isa = PBXGroup;
			children = (
				E13BACE61D51977C00414ACE /* R.generated.swift */,
				E114D1C21D4F1F15006AB978 /* 18phone */,
				E114D1C11D4F1F13006AB978 /* Products */,
				A13A5015FDD7155192CC0662 /* Frameworks */,
				A9625D3E2C7EEE8EF6AD1B37 /* Pods */,
			);
			sourceTree = "<group>";
		};
		E114D1C11D4F1F13006AB978 /* Products */ = {
			isa = PBXGroup;
			children = (
				E114D1C01D4F1F13006AB978 /* 18phone.app */,
			);
			name = Products;
			sourceTree = "<group>";
		};
		E114D1C21D4F1F15006AB978 /* 18phone */ = {
			isa = PBXGroup;
			children = (
				E15C42101D7D091100124257 /* Resource */,
				E13BACC01D518E6900414ACE /* Model */,
				E13BACBF1D518E6600414ACE /* View */,
				E13BACBE1D518E6300414ACE /* Controller */,
				E13BACBD1D518E5F00414ACE /* Util */,
				E114D1C31D4F1F15006AB978 /* AppDelegate.swift */,
				E13BACDE1D51948C00414ACE /* Main.storyboard */,
				E114D1CC1D4F1F15006AB978 /* LaunchScreen.storyboard */,
				E13BACE41D51974900414ACE /* Assets.xcassets */,
				E114D1CF1D4F1F15006AB978 /* Info.plist */,
				E1F5E57C1D59E5990010FF2C /* 18phone-Bridging-Header.h */,
			);
			path = 18phone;
			sourceTree = "<group>";
		};
		E1159FDE1D6D762C005FCB8F /* SwiftEventBus */ = {
			isa = PBXGroup;
			children = (
				E1159FDF1D6D762C005FCB8F /* LICENSE */,
				E1159FE01D6D762C005FCB8F /* README.md */,
				E1159FE11D6D762C005FCB8F /* SwiftEventBus */,
			);
			path = SwiftEventBus;
			sourceTree = "<group>";
		};
		E1159FE11D6D762C005FCB8F /* SwiftEventBus */ = {
			isa = PBXGroup;
			children = (
				E1159FE21D6D762C005FCB8F /* SwiftEventBus.swift */,
			);
			path = SwiftEventBus;
			sourceTree = "<group>";
		};
		E12EBA821D532428007B5CBD /* piQ */ = {
			isa = PBXGroup;
			children = (
				E12EBA831D532447007B5CBD /* piQ.swift */,
			);
			name = piQ;
			sourceTree = "<group>";
		};
		E13BACBD1D518E5F00414ACE /* Util */ = {
			isa = PBXGroup;
			children = (
				E10953E71D7FBC00001E7060 /* Gossip */,
				E1159FDE1D6D762C005FCB8F /* SwiftEventBus */,
				E12EBA821D532428007B5CBD /* piQ */,
				E13BACC51D518F9F00414ACE /* Async */,
				E13BACC41D518F9D00414ACE /* JSONJoy */,
				E13BACC31D518F9900414ACE /* SwiftHTTP */,
				E13BACC11D518F5200414ACE /* AppUtil.swift */,
			);
			name = Util;
			sourceTree = "<group>";
		};
		E13BACBE1D518E6300414ACE /* Controller */ = {
			isa = PBXGroup;
			children = (
				E13BACD61D51946B00414ACE /* RootViewController.swift */,
				E13BACD71D51946B00414ACE /* KTabBarController.swift */,
				E13BACD81D51946B00414ACE /* DialViewController.swift */,
				E13BACD91D51946B00414ACE /* CallLogViewController.swift */,
				E114D1C51D4F1F15006AB978 /* ContactViewController.swift */,
				E11E92931D5F2C9F004D634A /* DialView1Controller.swift */,
				E138D0761D6301EA0091AF4A /* OutgoingCallViewController.swift */,
				E138D0781D630B7A0091AF4A /* IncomingCallViewController.swift */,
				E148E6C21D6C397000BE131E /* OutgoingVideoViewController.swift */,
				E13D21941D6ECFCA00C6EA98 /* IncomingVideoViewController.swift */,
			);
			name = Controller;
			sourceTree = "<group>";
		};
		E13BACBF1D518E6600414ACE /* View */ = {
			isa = PBXGroup;
			children = (
				E13BACE01D5196EE00414ACE /* DialNumberCell.swift */,
				E13BACE11D5196EE00414ACE /* DialIconCell.swift */,
				E19AAD451D51DF690053D2C3 /* CallConView.swift */,
				E19AAD431D51DF480053D2C3 /* CallConView.xib */,
				E12EBA801D531FF3007B5CBD /* CallLogACell.swift */,
				E11E92911D5EBBAB004D634A /* DialView.xib */,
				E1DE61821D88F1E900321B47 /* ContactCell.swift */,
			);
			name = View;
			sourceTree = "<group>";
		};
		E13BACC01D518E6900414ACE /* Model */ = {
			isa = PBXGroup;
			children = (
				E13BACD41D51907600414ACE /* CallLog.swift */,
				E16453E91D6AA3150036B53F /* Contact.swift */,
			);
			name = Model;
			sourceTree = "<group>";
		};
		E13BACC31D518F9900414ACE /* SwiftHTTP */ = {
			isa = PBXGroup;
			children = (
				E13BACCA1D518FF000414ACE /* HTTPSecurity.swift */,
				E13BACCB1D518FF000414ACE /* Operation.swift */,
				E13BACCC1D518FF000414ACE /* Request.swift */,
				E13BACCD1D518FF000414ACE /* StatusCode.swift */,
				E13BACCE1D518FF000414ACE /* Upload.swift */,
			);
			name = SwiftHTTP;
			sourceTree = "<group>";
		};
		E13BACC41D518F9D00414ACE /* JSONJoy */ = {
			isa = PBXGroup;
			children = (
				E13BACC81D518FE500414ACE /* JSONJoy.swift */,
			);
			name = JSONJoy;
			sourceTree = "<group>";
		};
		E13BACC51D518F9F00414ACE /* Async */ = {
			isa = PBXGroup;
			children = (
				E13BACC61D518FDE00414ACE /* Async.swift */,
			);
			name = Async;
			sourceTree = "<group>";
		};
		E15C42101D7D091100124257 /* Resource */ = {
			isa = PBXGroup;
			children = (
				E15C42111D7D094000124257 /* ringtone.wav */,
			);
			name = Resource;
			sourceTree = "<group>";
		};
/* End PBXGroup section */

/* Begin PBXNativeTarget section */
		E114D1BF1D4F1F13006AB978 /* 18phone */ = {
			isa = PBXNativeTarget;
			buildConfigurationList = E114D1D21D4F1F15006AB978 /* Build configuration list for PBXNativeTarget "18phone" */;
			buildPhases = (
				2462392B20667A1D83701DB6 /* [CP] Check Pods Manifest.lock */,
				E114D1BC1D4F1F13006AB978 /* Sources */,
				E114D1BD1D4F1F13006AB978 /* Frameworks */,
				E114D1BE1D4F1F13006AB978 /* Resources */,
				E13BACBC1D518DF300414ACE /* ShellScript */,
				E115A04D1D6D7AAC005FCB8F /* Embed Frameworks */,
				9140EB4D9A2F3953193D3955 /* [CP] Embed Pods Frameworks */,
				CE6F70B2D8646A593F473A1B /* [CP] Copy Pods Resources */,
			);
			buildRules = (
			);
			dependencies = (
			);
			name = 18phone;
			productName = 18phone;
			productReference = E114D1C01D4F1F13006AB978 /* 18phone.app */;
			productType = "com.apple.product-type.application";
		};
/* End PBXNativeTarget section */

/* Begin PBXProject section */
		E114D1B81D4F1F13006AB978 /* Project object */ = {
			isa = PBXProject;
			attributes = {
				LastSwiftUpdateCheck = 0730;
				LastUpgradeCheck = 0730;
				ORGANIZATIONNAME = Kratos;
				TargetAttributes = {
					E114D1BF1D4F1F13006AB978 = {
						CreatedOnToolsVersion = 7.3.1;
						DevelopmentTeam = 4937KKX7AX;
						SystemCapabilities = {
							com.apple.BackgroundModes = {
								enabled = 1;
							};
						};
					};
				};
			};
			buildConfigurationList = E114D1BB1D4F1F13006AB978 /* Build configuration list for PBXProject "18phone" */;
			compatibilityVersion = "Xcode 3.2";
			developmentRegion = English;
			hasScannedForEncodings = 0;
			knownRegions = (
				en,
				Base,
			);
			mainGroup = E114D1B71D4F1F13006AB978;
			productRefGroup = E114D1C11D4F1F13006AB978 /* Products */;
			projectDirPath = "";
			projectRoot = "";
			targets = (
				E114D1BF1D4F1F13006AB978 /* 18phone */,
			);
		};
/* End PBXProject section */

/* Begin PBXResourcesBuildPhase section */
		E114D1BE1D4F1F13006AB978 /* Resources */ = {
			isa = PBXResourcesBuildPhase;
			buildActionMask = 2147483647;
			files = (
				E115A0441D6D762C005FCB8F /* LICENSE in Resources */,
				E15C42121D7D094000124257 /* ringtone.wav in Resources */,
				E11E92921D5EBBAB004D634A /* DialView.xib in Resources */,
				E114D1CE1D4F1F15006AB978 /* LaunchScreen.storyboard in Resources */,
				E13BACE51D51974900414ACE /* Assets.xcassets in Resources */,
				E13BACDF1D51948C00414ACE /* Main.storyboard in Resources */,
				E19AAD441D51DF480053D2C3 /* CallConView.xib in Resources */,
			);
			runOnlyForDeploymentPostprocessing = 0;
		};
/* End PBXResourcesBuildPhase section */

/* Begin PBXShellScriptBuildPhase section */
		2462392B20667A1D83701DB6 /* [CP] Check Pods Manifest.lock */ = {
			isa = PBXShellScriptBuildPhase;
			buildActionMask = 2147483647;
			files = (
			);
			inputPaths = (
			);
			name = "[CP] Check Pods Manifest.lock";
			outputPaths = (
			);
			runOnlyForDeploymentPostprocessing = 0;
			shellPath = /bin/sh;
			shellScript = "diff \"${PODS_ROOT}/../Podfile.lock\" \"${PODS_ROOT}/Manifest.lock\" > /dev/null\nif [[ $? != 0 ]] ; then\n    cat << EOM\nerror: The sandbox is not in sync with the Podfile.lock. Run 'pod install' or update your CocoaPods installation.\nEOM\n    exit 1\nfi\n";
			showEnvVarsInLog = 0;
		};
		9140EB4D9A2F3953193D3955 /* [CP] Embed Pods Frameworks */ = {
			isa = PBXShellScriptBuildPhase;
			buildActionMask = 2147483647;
			files = (
			);
			inputPaths = (
			);
			name = "[CP] Embed Pods Frameworks";
			outputPaths = (
			);
			runOnlyForDeploymentPostprocessing = 0;
			shellPath = /bin/sh;
			shellScript = "\"${SRCROOT}/Pods/Target Support Files/Pods-18phone/Pods-18phone-frameworks.sh\"\n";
			showEnvVarsInLog = 0;
		};
		CE6F70B2D8646A593F473A1B /* [CP] Copy Pods Resources */ = {
			isa = PBXShellScriptBuildPhase;
			buildActionMask = 2147483647;
			files = (
			);
			inputPaths = (
			);
			name = "[CP] Copy Pods Resources";
			outputPaths = (
			);
			runOnlyForDeploymentPostprocessing = 0;
			shellPath = /bin/sh;
			shellScript = "\"${SRCROOT}/Pods/Target Support Files/Pods-18phone/Pods-18phone-resources.sh\"\n";
			showEnvVarsInLog = 0;
		};
		E13BACBC1D518DF300414ACE /* ShellScript */ = {
			isa = PBXShellScriptBuildPhase;
			buildActionMask = 2147483647;
			files = (
			);
			inputPaths = (
			);
			outputPaths = (
			);
			runOnlyForDeploymentPostprocessing = 0;
			shellPath = /bin/sh;
			shellScript = "\"$PODS_ROOT/R.swift/rswift\" \"$SRCROOT\"";
		};
/* End PBXShellScriptBuildPhase section */

/* Begin PBXSourcesBuildPhase section */
		E114D1BC1D4F1F13006AB978 /* Sources */ = {
			isa = PBXSourcesBuildPhase;
			buildActionMask = 2147483647;
			files = (
				E12EBA811D531FF3007B5CBD /* CallLogACell.swift in Sources */,
				E13BACC91D518FE500414ACE /* JSONJoy.swift in Sources */,
				E1C0486A1D867F650009DF6B /* GSConfiguration.m in Sources */,
				E16453EA1D6AA3150036B53F /* Contact.swift in Sources */,
				E13BACDB1D51946B00414ACE /* KTabBarController.swift in Sources */,
				E13BACE21D5196EE00414ACE /* DialNumberCell.swift in Sources */,
				E138D0791D630B7A0091AF4A /* IncomingCallViewController.swift in Sources */,
				E1C0486E1D867F650009DF6B /* GSOutgoingCall.m in Sources */,
				E19AAD461D51DF6A0053D2C3 /* CallConView.swift in Sources */,
				E1C0486F1D867F650009DF6B /* GSPJUtil.m in Sources */,
				E13BACDC1D51946B00414ACE /* DialViewController.swift in Sources */,
				E1C0486C1D867F650009DF6B /* GSIncomingCall.m in Sources */,
				E1DE61831D88F1E900321B47 /* ContactCell.swift in Sources */,
				E13BACE31D5196EE00414ACE /* DialIconCell.swift in Sources */,
				E13BACD11D518FF000414ACE /* Request.swift in Sources */,
				E148E6C31D6C397000BE131E /* OutgoingVideoViewController.swift in Sources */,
				E1C048711D867F650009DF6B /* GSUserAgent.m in Sources */,
				E13BACDA1D51946B00414ACE /* RootViewController.swift in Sources */,
				E13D21951D6ECFCA00C6EA98 /* IncomingVideoViewController.swift in Sources */,
				E115A0461D6D762C005FCB8F /* SwiftEventBus.swift in Sources */,
				E1C0486D1D867F650009DF6B /* GSNotifications.m in Sources */,
				E115A0451D6D762C005FCB8F /* README.md in Sources */,
				E13BACD21D518FF000414ACE /* StatusCode.swift in Sources */,
				E13BACD01D518FF000414ACE /* Operation.swift in Sources */,
				E1C048691D867F650009DF6B /* GSCodecInfo.m in Sources */,
				E13BACDD1D51946B00414ACE /* CallLogViewController.swift in Sources */,
				E1C0486B1D867F650009DF6B /* GSDispatch.m in Sources */,
				E13BACCF1D518FF000414ACE /* HTTPSecurity.swift in Sources */,
				E13BACE71D51977C00414ACE /* R.generated.swift in Sources */,
				E138D0771D6301EA0091AF4A /* OutgoingCallViewController.swift in Sources */,
				E13BACC71D518FDE00414ACE /* Async.swift in Sources */,
				E13BACD31D518FF000414ACE /* Upload.swift in Sources */,
				E11E92941D5F2C9F004D634A /* DialView1Controller.swift in Sources */,
				E13BACC21D518F5200414ACE /* AppUtil.swift in Sources */,
				E1C048681D867F650009DF6B /* GSCall.m in Sources */,
				E114D1C61D4F1F15006AB978 /* ContactViewController.swift in Sources */,
				E1C048701D867F650009DF6B /* GSRingback.m in Sources */,
				E114D1C41D4F1F15006AB978 /* AppDelegate.swift in Sources */,
				E1C048661D867F650009DF6B /* GSAccount.m in Sources */,
				E1C048671D867F650009DF6B /* GSAccountConfiguration.m in Sources */,
				E13BACD51D51907600414ACE /* CallLog.swift in Sources */,
				E12EBA841D532447007B5CBD /* piQ.swift in Sources */,
			);
			runOnlyForDeploymentPostprocessing = 0;
		};
/* End PBXSourcesBuildPhase section */

/* Begin PBXVariantGroup section */
		E114D1CC1D4F1F15006AB978 /* LaunchScreen.storyboard */ = {
			isa = PBXVariantGroup;
			children = (
				E114D1CD1D4F1F15006AB978 /* Base */,
			);
			name = LaunchScreen.storyboard;
			sourceTree = "<group>";
		};
/* End PBXVariantGroup section */

/* Begin XCBuildConfiguration section */
		E114D1D01D4F1F15006AB978 /* Debug */ = {
			isa = XCBuildConfiguration;
			buildSettings = {
				ALWAYS_SEARCH_USER_PATHS = NO;
				CLANG_ANALYZER_NONNULL = YES;
				CLANG_CXX_LANGUAGE_STANDARD = "gnu++0x";
				CLANG_CXX_LIBRARY = "libc++";
				CLANG_ENABLE_MODULES = YES;
				CLANG_ENABLE_OBJC_ARC = YES;
				CLANG_WARN_BOOL_CONVERSION = YES;
				CLANG_WARN_CONSTANT_CONVERSION = YES;
				CLANG_WARN_DIRECT_OBJC_ISA_USAGE = YES_ERROR;
				CLANG_WARN_EMPTY_BODY = YES;
				CLANG_WARN_ENUM_CONVERSION = YES;
				CLANG_WARN_INT_CONVERSION = YES;
				CLANG_WARN_OBJC_ROOT_CLASS = YES_ERROR;
				CLANG_WARN_UNREACHABLE_CODE = YES;
				CLANG_WARN__DUPLICATE_METHOD_MATCH = YES;
				"CODE_SIGN_IDENTITY[sdk=iphoneos*]" = "iPhone Developer";
				COPY_PHASE_STRIP = NO;
				DEBUG_INFORMATION_FORMAT = dwarf;
				ENABLE_STRICT_OBJC_MSGSEND = YES;
				ENABLE_TESTABILITY = YES;
				GCC_C_LANGUAGE_STANDARD = gnu99;
				GCC_DYNAMIC_NO_PIC = NO;
				GCC_NO_COMMON_BLOCKS = YES;
				GCC_OPTIMIZATION_LEVEL = 0;
				GCC_PREPROCESSOR_DEFINITIONS = (
					"DEBUG=1",
					"$(inherited)",
				);
				GCC_WARN_64_TO_32_BIT_CONVERSION = YES;
				GCC_WARN_ABOUT_RETURN_TYPE = YES_ERROR;
				GCC_WARN_UNDECLARED_SELECTOR = YES;
				GCC_WARN_UNINITIALIZED_AUTOS = YES_AGGRESSIVE;
				GCC_WARN_UNUSED_FUNCTION = YES;
				GCC_WARN_UNUSED_VARIABLE = YES;
				IPHONEOS_DEPLOYMENT_TARGET = 9.3;
				MTL_ENABLE_DEBUG_INFO = YES;
				ONLY_ACTIVE_ARCH = YES;
				SDKROOT = iphoneos;
				SWIFT_OPTIMIZATION_LEVEL = "-Onone";
				TARGETED_DEVICE_FAMILY = "1,2";
			};
			name = Debug;
		};
		E114D1D11D4F1F15006AB978 /* Release */ = {
			isa = XCBuildConfiguration;
			buildSettings = {
				ALWAYS_SEARCH_USER_PATHS = NO;
				CLANG_ANALYZER_NONNULL = YES;
				CLANG_CXX_LANGUAGE_STANDARD = "gnu++0x";
				CLANG_CXX_LIBRARY = "libc++";
				CLANG_ENABLE_MODULES = YES;
				CLANG_ENABLE_OBJC_ARC = YES;
				CLANG_WARN_BOOL_CONVERSION = YES;
				CLANG_WARN_CONSTANT_CONVERSION = YES;
				CLANG_WARN_DIRECT_OBJC_ISA_USAGE = YES_ERROR;
				CLANG_WARN_EMPTY_BODY = YES;
				CLANG_WARN_ENUM_CONVERSION = YES;
				CLANG_WARN_INT_CONVERSION = YES;
				CLANG_WARN_OBJC_ROOT_CLASS = YES_ERROR;
				CLANG_WARN_UNREACHABLE_CODE = YES;
				CLANG_WARN__DUPLICATE_METHOD_MATCH = YES;
				"CODE_SIGN_IDENTITY[sdk=iphoneos*]" = "iPhone Developer";
				COPY_PHASE_STRIP = NO;
				DEBUG_INFORMATION_FORMAT = "dwarf-with-dsym";
				ENABLE_NS_ASSERTIONS = NO;
				ENABLE_STRICT_OBJC_MSGSEND = YES;
				GCC_C_LANGUAGE_STANDARD = gnu99;
				GCC_NO_COMMON_BLOCKS = YES;
				GCC_WARN_64_TO_32_BIT_CONVERSION = YES;
				GCC_WARN_ABOUT_RETURN_TYPE = YES_ERROR;
				GCC_WARN_UNDECLARED_SELECTOR = YES;
				GCC_WARN_UNINITIALIZED_AUTOS = YES_AGGRESSIVE;
				GCC_WARN_UNUSED_FUNCTION = YES;
				GCC_WARN_UNUSED_VARIABLE = YES;
				IPHONEOS_DEPLOYMENT_TARGET = 9.3;
				MTL_ENABLE_DEBUG_INFO = NO;
				SDKROOT = iphoneos;
				TARGETED_DEVICE_FAMILY = "1,2";
				VALIDATE_PRODUCT = YES;
			};
			name = Release;
		};
		E114D1D31D4F1F15006AB978 /* Debug */ = {
			isa = XCBuildConfiguration;
			baseConfigurationReference = A3792B97A14496699EE5544B /* Pods-18phone.debug.xcconfig */;
			buildSettings = {
				ASSETCATALOG_COMPILER_APPICON_NAME = AppIcon;
				ASSETCATALOG_COMPILER_LAUNCHIMAGE_NAME = "Brand Assets";
				CLANG_ENABLE_MODULES = YES;
				CODE_SIGN_IDENTITY = "iPhone Developer";
				"CODE_SIGN_IDENTITY[sdk=iphoneos*]" = "iPhone Developer";
				COPY_PHASE_STRIP = YES;
				ENABLE_BITCODE = NO;
				FRAMEWORK_SEARCH_PATHS = (
					"$(inherited)",
					"$(PROJECT_DIR)",
				);
				GCC_SYMBOLS_PRIVATE_EXTERN = YES;
				HEADER_SEARCH_PATHS = (
					"$(inherited)",
					"\"${PODS_ROOT}/Headers/Public\"",
					"\"${PODS_ROOT}/Headers/Public/R.swift\"",
					"pjproject-2.5.5/pjlib/include",
					"pjproject-2.5.5/pjlib-util/include",
					"pjproject-2.5.5/pjmedia/include",
					"pjproject-2.5.5/pjnath/include",
					"pjproject-2.5.5/pjsip/include",
					"pjproject-2.5.5/third_party/resample/include",
					"pjproject-2.5.5/third_party/speex/include",
					"pjproject-2.5.5/third_party/srtp/crypto/include",
					"pjproject-2.5.5/third_party/srtp/include",
					"pjproject-2.5.5/third_party/openh264/include",
				);
				INFOPLIST_FILE = 18phone/Info.plist;
				IPHONEOS_DEPLOYMENT_TARGET = 9.0;
				LD_RUNPATH_SEARCH_PATHS = "$(inherited) @executable_path/Frameworks";
				LIBRARY_SEARCH_PATHS = (
					"$(inherited)",
					"$(PROJECT_DIR)",
					"$(PROJECT_DIR)/Pods/Realm/core",
					"$(PROJECT_DIR)/18phone/Realm/core",
					"$(PROJECT_DIR)/pjproject-2.5.5/pjlib/lib",
					"$(PROJECT_DIR)/pjproject-2.5.5/pjlib-util/lib",
					"$(PROJECT_DIR)/pjproject-2.5.5/pjmedia/lib",
					"$(PROJECT_DIR)/pjproject-2.5.5/pjnath/lib",
					"$(PROJECT_DIR)/pjproject-2.5.5/pjsip/lib",
					"$(PROJECT_DIR)/pjproject-2.5.5/third_party/lib",
					"$(PROJECT_DIR)/pjproject-2.5.5/third_party/openh264/lib",
				);
				ONLY_ACTIVE_ARCH = YES;
				PRODUCT_BUNDLE_IDENTIFIER = com.kratos.18phone;
				PRODUCT_NAME = "$(TARGET_NAME)";
				PROVISIONING_PROFILE = "";
				SWIFT_OBJC_BRIDGING_HEADER = "18phone/18phone-Bridging-Header.h";
				SWIFT_OPTIMIZATION_LEVEL = "-Onone";
				TARGETED_DEVICE_FAMILY = 1;
				VALID_ARCHS = arm64;
			};
			name = Debug;
		};
		E114D1D41D4F1F15006AB978 /* Release */ = {
			isa = XCBuildConfiguration;
			baseConfigurationReference = 075A21CADC9C03D40A071C6E /* Pods-18phone.release.xcconfig */;
			buildSettings = {
				ASSETCATALOG_COMPILER_APPICON_NAME = AppIcon;
				ASSETCATALOG_COMPILER_LAUNCHIMAGE_NAME = "Brand Assets";
				CLANG_ENABLE_MODULES = YES;
				CODE_SIGN_IDENTITY = "iPhone Developer";
				"CODE_SIGN_IDENTITY[sdk=iphoneos*]" = "iPhone Developer";
				COPY_PHASE_STRIP = YES;
				ENABLE_BITCODE = NO;
				FRAMEWORK_SEARCH_PATHS = (
					"$(inherited)",
					"$(PROJECT_DIR)",
				);
				HEADER_SEARCH_PATHS = (
					"$(inherited)",
					"\"${PODS_ROOT}/Headers/Public\"",
					"\"${PODS_ROOT}/Headers/Public/R.swift\"",
					"pjproject-2.5.5/pjlib/include",
					"pjproject-2.5.5/pjlib-util/include",
					"pjproject-2.5.5/pjmedia/include",
					"pjproject-2.5.5/pjnath/include",
					"pjproject-2.5.5/pjsip/include",
					"pjproject-2.5.5/third_party/resample/include",
					"pjproject-2.5.5/third_party/speex/include",
					"pjproject-2.5.5/third_party/srtp/crypto/include",
					"pjproject-2.5.5/third_party/srtp/include",
					"pjproject-2.5.5/third_party/openh264/include",
				);
				INFOPLIST_FILE = 18phone/Info.plist;
				IPHONEOS_DEPLOYMENT_TARGET = 9.0;
				LD_RUNPATH_SEARCH_PATHS = "$(inherited) @executable_path/Frameworks";
				LIBRARY_SEARCH_PATHS = (
					"$(inherited)",
					"$(PROJECT_DIR)",
					"$(PROJECT_DIR)/Pods/Realm/core",
					"$(PROJECT_DIR)/18phone/Realm/core",
					"$(PROJECT_DIR)/pjproject-2.5.5/pjlib/lib",
					"$(PROJECT_DIR)/pjproject-2.5.5/pjlib-util/lib",
					"$(PROJECT_DIR)/pjproject-2.5.5/pjmedia/lib",
					"$(PROJECT_DIR)/pjproject-2.5.5/pjnath/lib",
					"$(PROJECT_DIR)/pjproject-2.5.5/pjsip/lib",
					"$(PROJECT_DIR)/pjproject-2.5.5/third_party/lib",
					"$(PROJECT_DIR)/pjproject-2.5.5/third_party/openh264/lib",
				);
				ONLY_ACTIVE_ARCH = YES;
				PRODUCT_BUNDLE_IDENTIFIER = com.kratos.18phone;
				PRODUCT_NAME = "$(TARGET_NAME)";
				PROVISIONING_PROFILE = "";
				SWIFT_OBJC_BRIDGING_HEADER = "18phone/18phone-Bridging-Header.h";
				TARGETED_DEVICE_FAMILY = 1;
				VALID_ARCHS = arm64;
			};
			name = Release;
		};
/* End XCBuildConfiguration section */

/* Begin XCConfigurationList section */
		E114D1BB1D4F1F13006AB978 /* Build configuration list for PBXProject "18phone" */ = {
			isa = XCConfigurationList;
			buildConfigurations = (
				E114D1D01D4F1F15006AB978 /* Debug */,
				E114D1D11D4F1F15006AB978 /* Release */,
			);
			defaultConfigurationIsVisible = 0;
			defaultConfigurationName = Release;
		};
		E114D1D21D4F1F15006AB978 /* Build configuration list for PBXNativeTarget "18phone" */ = {
			isa = XCConfigurationList;
			buildConfigurations = (
				E114D1D31D4F1F15006AB978 /* Debug */,
				E114D1D41D4F1F15006AB978 /* Release */,
			);
			defaultConfigurationIsVisible = 0;
			defaultConfigurationName = Release;
		};
/* End XCConfigurationList section */
	};
	rootObject = E114D1B81D4F1F13006AB978 /* Project object */;
}
